
Microsoft Visual Studio Solution File, Format Version 12.00
# Visual Studio Version 17
VisualStudioVersion = 17.3.32825.248
MinimumVisualStudioVersion = 10.0.40219.1
Project("{FAE04EC0-301F-11D3-BF4B-00C04F79EFBC}") = "GIS_Technolory", "GIS_Technolory\GIS_Technolory.csproj", "{0AEAEE88-8A49-4033-907F-D812CA8F28C4}"
EndProject
Global
	GlobalSection(SolutionConfigurationPlatforms) = preSolution
		Debug|Any CPU = Debug|Any CPU
		Release|Any CPU = Release|Any CPU
	EndGlobalSection
	GlobalSection(ProjectConfigurationPlatforms) = postSolution
		{0AEAEE88-8A49-4033-907F-D812CA8F28C4}.Debug|Any CPU.ActiveCfg = Debug|Any CPU
		{0AEAEE88-8A49-4033-907F-D812CA8F28C4}.Debug|Any CPU.Build.0 = Debug|Any CPU
		{0AEAEE88-8A49-4033-907F-D812CA8F28C4}.Release|Any CPU.ActiveCfg = Release|Any CPU
		{0AEAEE88-8A49-4033-907F-D812CA8F28C4}.Release|Any CPU.Build.0 = Release|Any CPU
	EndGlobalSection
	GlobalSection(SolutionProperties) = preSolution
		HideSolutionNode = FALSE
	EndGlobalSection
	GlobalSection(ExtensibilityGlobals) = postSolution
		SolutionGuid = {73A5552A-DA5F-4DF6-A85A-EDCE8D8EDFD4}
	EndGlobalSection
EndGlobal
